
Microsoft Visual Studio Solution File, Format Version 9.00
# Visual Studio 2005
Project("{8BC9CEB8-8B4A-11D0-8D11-00A0C91BC942}") = "krnln", "Project\krnln_VS2005.vcproj", "{AB310692-83AC-4AC4-9A60-E0B24E80300A}"
EndProject
Project("{8BC9CEB8-8B4A-11D0-8D11-00A0C91BC942}") = "krnln_Obj", "Project\krnln_VS2005_Obj.vcproj", "{5289C343-42D4-4E45-BE96-62966C63BE72}"
EndProject
Project("{8BC9CEB8-8B4A-11D0-8D11-00A0C91BC942}") = "MFCBlackMoon", "Project\MFCBlackMoon_VS2005.vcproj", "{F58E75A0-C770-450C-84A8-5F9BAEBFC3D6}"
EndProject
Global
	GlobalSection(SolutionConfigurationPlatforms) = preSolution
		Debug|Win32 = Debug|Win32
		Release|Win32 = Release|Win32
		ReleaseDll|Win32 = ReleaseDll|Win32
	EndGlobalSection
	GlobalSection(ProjectConfigurationPlatforms) = postSolution
		{AB310692-83AC-4AC4-9A60-E0B24E80300A}.Debug|Win32.ActiveCfg = Release|Win32
		{AB310692-83AC-4AC4-9A60-E0B24E80300A}.Debug|Win32.Build.0 = Release|Win32
		{AB310692-83AC-4AC4-9A60-E0B24E80300A}.Release|Win32.ActiveCfg = Release|Win32
		{AB310692-83AC-4AC4-9A60-E0B24E80300A}.Release|Win32.Build.0 = Release|Win32
		{AB310692-83AC-4AC4-9A60-E0B24E80300A}.ReleaseDll|Win32.ActiveCfg = Release|Win32
		{AB310692-83AC-4AC4-9A60-E0B24E80300A}.ReleaseDll|Win32.Build.0 = Release|Win32
		{5289C343-42D4-4E45-BE96-62966C63BE72}.Debug|Win32.ActiveCfg = Release|Win32
		{5289C343-42D4-4E45-BE96-62966C63BE72}.Release|Win32.ActiveCfg = Release|Win32
		{5289C343-42D4-4E45-BE96-62966C63BE72}.ReleaseDll|Win32.ActiveCfg = Release|Win32
		{F58E75A0-C770-450C-84A8-5F9BAEBFC3D6}.Debug|Win32.ActiveCfg = Release|Win32
		{F58E75A0-C770-450C-84A8-5F9BAEBFC3D6}.Release|Win32.ActiveCfg = Release|Win32
		{F58E75A0-C770-450C-84A8-5F9BAEBFC3D6}.ReleaseDll|Win32.ActiveCfg = ReleaseDll|Win32
	EndGlobalSection
	GlobalSection(SolutionProperties) = preSolution
		HideSolutionNode = FALSE
	EndGlobalSection
EndGlobal
