<?xml version="1.0" encoding="utf-8"?>
<Project ToolsVersion="4.0" xmlns="http://schemas.microsoft.com/developer/msbuild/2003">
  <ItemGroup>
    <Filter Include="源文件">
      <UniqueIdentifier>{4FC737F1-C7A5-4376-A066-2A32D752A2FF}</UniqueIdentifier>
      <Extensions>cpp;c;cc;cxx;def;odl;idl;hpj;bat;asm;asmx</Extensions>
    </Filter>
    <Filter Include="头文件">
      <UniqueIdentifier>{93995380-89BD-4b04-88EB-625FBE52EBFB}</UniqueIdentifier>
      <Extensions>h;hh;hpp;hxx;hm;inl;inc;ipp;xsd</Extensions>
    </Filter>
    <Filter Include="资源文件">
      <UniqueIdentifier>{67DA6AB6-F800-4c08-8B7A-83BB121AAD01}</UniqueIdentifier>
      <Extensions>rc;ico;cur;bmp;dlg;rc2;rct;bin;rgs;gif;jpg;jpeg;jpe;resx;tiff;tif;png;wav;mfcribbon-ms</Extensions>
    </Filter>
  </ItemGroup>
  <ItemGroup>
    <ClCompile Include="..\krnln\BlackMoonCallPropertyVaule.cpp">
      <Filter>源文件</Filter>
    </ClCompile>
    <ClCompile Include="..\krnln\BlackMoonCallUserDll.cpp">
      <Filter>源文件</Filter>
    </ClCompile>
    <ClCompile Include="..\krnln\BlackMoonLibNotifySys.cpp">
      <Filter>源文件</Filter>
    </ClCompile>
    <ClCompile Include="..\krnln\CloneBinData.cpp">
      <Filter>源文件</Filter>
    </ClCompile>
    <ClCompile Include="..\krnln\CloneTextData.cpp">
      <Filter>源文件</Filter>
    </ClCompile>
    <ClCompile Include="..\krnln\DateTimeFormat.cpp">
      <Filter>源文件</Filter>
    </ClCompile>
    <ClCompile Include="..\krnln\DllEntryFunc.cpp">
      <Filter>源文件</Filter>
    </ClCompile>
    <ClCompile Include="..\krnln\eHelpFunc.cpp">
      <Filter>源文件</Filter>
    </ClCompile>
    <ClCompile Include="..\krnln\FileManager.cpp">
      <Filter>源文件</Filter>
    </ClCompile>
    <ClCompile Include="..\krnln\FreeAryElement.cpp">
      <Filter>源文件</Filter>
    </ClCompile>
    <ClCompile Include="..\krnln\GetAryElementInf.cpp">
      <Filter>源文件</Filter>
    </ClCompile>
    <ClCompile Include="..\krnln\GetDataTypeType.cpp">
      <Filter>源文件</Filter>
    </ClCompile>
    <ClCompile Include="..\krnln\GetDatePart.cpp">
      <Filter>源文件</Filter>
    </ClCompile>
    <ClCompile Include="..\krnln\GetDaysOfSpecMonth.cpp">
      <Filter>源文件</Filter>
    </ClCompile>
    <ClCompile Include="..\krnln\GetRegRootVal.cpp">
      <Filter>源文件</Filter>
    </ClCompile>
    <ClCompile Include="..\krnln\GetSpecTime.cpp">
      <Filter>源文件</Filter>
    </ClCompile>
    <ClCompile Include="..\krnln\GetSysDataTypeDataSize.cpp">
      <Filter>源文件</Filter>
    </ClCompile>
    <ClCompile Include="..\krnln\GetTimePart.cpp">
      <Filter>源文件</Filter>
    </ClCompile>
    <ClCompile Include="..\krnln\GetWeekDay.cpp">
      <Filter>源文件</Filter>
    </ClCompile>
    <ClCompile Include="..\krnln\HelpFunc12.cpp">
      <Filter>源文件</Filter>
    </ClCompile>
    <ClCompile Include="..\krnln\IsInFileMangerList.cpp">
      <Filter>源文件</Filter>
    </ClCompile>
    <ClCompile Include="..\krnln\krnln_abs.cpp">
      <Filter>源文件</Filter>
    </ClCompile>
    <ClCompile Include="..\krnln\krnln_asc.cpp">
      <Filter>源文件</Filter>
    </ClCompile>
    <ClCompile Include="..\krnln\krnln_atn.cpp">
      <Filter>源文件</Filter>
    </ClCompile>
    <ClCompile Include="..\krnln\krnln_band.cpp">
      <Filter>源文件</Filter>
    </ClCompile>
    <ClCompile Include="..\krnln\krnln_beep.cpp">
      <Filter>源文件</Filter>
    </ClCompile>
    <ClCompile Include="..\krnln\krnln_bin.cpp">
      <Filter>源文件</Filter>
    </ClCompile>
    <ClCompile Include="..\krnln\krnln_BinLeft.cpp">
      <Filter>源文件</Filter>
    </ClCompile>
    <ClCompile Include="..\krnln\krnln_BinLen.cpp">
      <Filter>源文件</Filter>
    </ClCompile>
    <ClCompile Include="..\krnln\krnln_BinMid.cpp">
      <Filter>源文件</Filter>
    </ClCompile>
    <ClCompile Include="..\krnln\krnln_BinRight.cpp">
      <Filter>源文件</Filter>
    </ClCompile>
    <ClCompile Include="..\krnln\krnln_BJCase.cpp">
      <Filter>源文件</Filter>
    </ClCompile>
    <ClCompile Include="..\krnln\krnln_bnot.cpp">
      <Filter>源文件</Filter>
    </ClCompile>
    <ClCompile Include="..\krnln\krnln_bor.cpp">
      <Filter>源文件</Filter>
    </ClCompile>
    <ClCompile Include="..\krnln\krnln_bxor.cpp">
      <Filter>源文件</Filter>
    </ClCompile>
    <ClCompile Include="..\krnln\krnln_ChDir.cpp">
      <Filter>源文件</Filter>
    </ClCompile>
    <ClCompile Include="..\krnln\krnln_ChDrive.cpp">
      <Filter>源文件</Filter>
    </ClCompile>
    <ClCompile Include="..\krnln\krnln_chr.cpp">
      <Filter>源文件</Filter>
    </ClCompile>
    <ClCompile Include="..\krnln\krnln_ClearClipBoard.cpp">
      <Filter>源文件</Filter>
    </ClCompile>
    <ClCompile Include="..\krnln\krnln_close.cpp">
      <Filter>源文件</Filter>
    </ClCompile>
    <ClCompile Include="..\krnln\krnln_cos.cpp">
      <Filter>源文件</Filter>
    </ClCompile>
    <ClCompile Include="..\krnln\krnln_CryptOpen.cpp">
      <Filter>源文件</Filter>
    </ClCompile>
    <ClCompile Include="..\krnln\krnln_CurDir.cpp">
      <Filter>源文件</Filter>
    </ClCompile>
    <ClCompile Include="..\krnln\krnln_day.cpp">
      <Filter>源文件</Filter>
    </ClCompile>
    <ClCompile Include="..\krnln\krnln_DeleteRegItem.cpp">
      <Filter>源文件</Filter>
    </ClCompile>
    <ClCompile Include="..\krnln\krnln_Dispatch.cpp">
      <Filter>源文件</Filter>
    </ClCompile>
    <ClCompile Include="..\krnln\krnln_DoEvents.cpp">
      <Filter>源文件</Filter>
    </ClCompile>
    <ClCompile Include="..\krnln\krnln_exp.cpp">
      <Filter>源文件</Filter>
    </ClCompile>
    <ClCompile Include="..\krnln\krnln_feof.cpp">
      <Filter>源文件</Filter>
    </ClCompile>
    <ClCompile Include="..\krnln\krnln_fgets.cpp">
      <Filter>源文件</Filter>
    </ClCompile>
    <ClCompile Include="..\krnln\krnln_FileCopy.cpp">
      <Filter>源文件</Filter>
    </ClCompile>
    <ClCompile Include="..\krnln\krnln_FileDateTime.cpp">
      <Filter>源文件</Filter>
    </ClCompile>
    <ClCompile Include="..\krnln\krnln_FileLen.cpp">
      <Filter>源文件</Filter>
    </ClCompile>
    <ClCompile Include="..\krnln\krnln_FileMove.cpp">
      <Filter>源文件</Filter>
    </ClCompile>
    <ClCompile Include="..\krnln\krnln_fix.cpp">
      <Filter>源文件</Filter>
    </ClCompile>
    <ClCompile Include="..\krnln\krnln_fputs.cpp">
      <Filter>源文件</Filter>
    </ClCompile>
    <ClCompile Include="..\krnln\krnln_FSeek.cpp">
      <Filter>源文件</Filter>
    </ClCompile>
    <ClCompile Include="..\krnln\krnln_GetAllPY.cpp">
      <Filter>源文件</Filter>
    </ClCompile>
    <ClCompile Include="..\krnln\krnln_GetAttr.cpp">
      <Filter>源文件</Filter>
    </ClCompile>
    <ClCompile Include="..\krnln\krnln_GetBackColor.cpp">
      <Filter>源文件</Filter>
    </ClCompile>
    <ClCompile Include="..\krnln\krnln_GetBinElement.cpp">
      <Filter>源文件</Filter>
    </ClCompile>
    <ClCompile Include="..\krnln\krnln_GetBinRegItem.cpp">
      <Filter>源文件</Filter>
    </ClCompile>
    <ClCompile Include="..\krnln\krnln_GetClipBoardText.cpp">
      <Filter>源文件</Filter>
    </ClCompile>
    <ClCompile Include="..\krnln\krnln_GetCmdLine.cpp">
      <Filter>源文件</Filter>
    </ClCompile>
    <ClCompile Include="..\krnln\krnln_GetColorCount.cpp">
      <Filter>源文件</Filter>
    </ClCompile>
    <ClCompile Include="..\krnln\krnln_GetCursorHorzPos.cpp">
      <Filter>源文件</Filter>
    </ClCompile>
    <ClCompile Include="..\krnln\krnln_GetCursorVertPos.cpp">
      <Filter>源文件</Filter>
    </ClCompile>
    <ClCompile Include="..\krnln\krnln_GetDataTypeSize.cpp">
      <Filter>源文件</Filter>
    </ClCompile>
    <ClCompile Include="..\krnln\krnln_GetDatePart.cpp">
      <Filter>源文件</Filter>
    </ClCompile>
    <ClCompile Include="..\krnln\krnln_GetDaysOfSpecMonth.cpp">
      <Filter>源文件</Filter>
    </ClCompile>
    <ClCompile Include="..\krnln\krnln_GetDiskFreeSpace.cpp">
      <Filter>源文件</Filter>
    </ClCompile>
    <ClCompile Include="..\krnln\krnln_GetDiskLabel.cpp">
      <Filter>源文件</Filter>
    </ClCompile>
    <ClCompile Include="..\krnln\krnln_GetDiskTotalSpace.cpp">
      <Filter>源文件</Filter>
    </ClCompile>
    <ClCompile Include="..\krnln\krnln_GetEnv.cpp">
      <Filter>源文件</Filter>
    </ClCompile>
    <ClCompile Include="..\krnln\krnln_GetHDiskCode.cpp">
      <Filter>源文件</Filter>
    </ClCompile>
    <ClCompile Include="..\krnln\krnln_GetHostName.cpp">
      <Filter>源文件</Filter>
    </ClCompile>
    <ClCompile Include="..\krnln\krnln_GetIntInsideBin.cpp">
      <Filter>源文件</Filter>
    </ClCompile>
    <ClCompile Include="..\krnln\krnln_GetKeyText.cpp">
      <Filter>源文件</Filter>
    </ClCompile>
    <ClCompile Include="..\krnln\krnln_GetLastError.cpp">
      <Filter>源文件</Filter>
    </ClCompile>
    <ClCompile Include="..\krnln\krnln_GetNumRegItem.cpp">
      <Filter>源文件</Filter>
    </ClCompile>
    <ClCompile Include="..\krnln\krnln_GetRunFileName.cpp">
      <Filter>源文件</Filter>
    </ClCompile>
    <ClCompile Include="..\krnln\krnln_GetRunPath.cpp">
      <Filter>源文件</Filter>
    </ClCompile>
    <ClCompile Include="..\krnln\krnln_GetRuntimeDataType.cpp">
      <Filter>源文件</Filter>
    </ClCompile>
    <ClCompile Include="..\krnln\krnln_GetScreenHeight.cpp">
      <Filter>源文件</Filter>
    </ClCompile>
    <ClCompile Include="..\krnln\krnln_GetScreenWidth.cpp">
      <Filter>源文件</Filter>
    </ClCompile>
    <ClCompile Include="..\krnln\krnln_GetSectionNames.cpp">
      <Filter>源文件</Filter>
    </ClCompile>
    <ClCompile Include="..\krnln\krnln_GetSpecTime.cpp">
      <Filter>源文件</Filter>
    </ClCompile>
    <ClCompile Include="..\krnln\krnln_GetSysVer.cpp">
      <Filter>源文件</Filter>
    </ClCompile>
    <ClCompile Include="..\krnln\krnln_GetTempFileName.cpp">
      <Filter>源文件</Filter>
    </ClCompile>
    <ClCompile Include="..\krnln\krnln_GetTextRegItem.cpp">
      <Filter>源文件</Filter>
    </ClCompile>
    <ClCompile Include="..\krnln\krnln_GetTickCount.cpp">
      <Filter>源文件</Filter>
    </ClCompile>
    <ClCompile Include="..\krnln\krnln_GetTimePart.cpp">
      <Filter>源文件</Filter>
    </ClCompile>
    <ClCompile Include="..\krnln\krnln_GetWinPic.cpp">
      <Filter>源文件</Filter>
    </ClCompile>
    <ClCompile Include="..\krnln\krnln_hex.cpp">
      <Filter>源文件</Filter>
    </ClCompile>
    <ClCompile Include="..\krnln\krnln_HostNameToIP.cpp">
      <Filter>源文件</Filter>
    </ClCompile>
    <ClCompile Include="..\krnln\krnln_hour.cpp">
      <Filter>源文件</Filter>
    </ClCompile>
    <ClCompile Include="..\krnln\krnln_IDiv.cpp">
      <Filter>源文件</Filter>
    </ClCompile>
    <ClCompile Include="..\krnln\krnln_InBin.cpp">
      <Filter>源文件</Filter>
    </ClCompile>
    <ClCompile Include="..\krnln\krnln_InBinRev.cpp">
      <Filter>源文件</Filter>
    </ClCompile>
    <ClCompile Include="..\krnln\krnln_InputBox.cpp">
      <Filter>源文件</Filter>
    </ClCompile>
    <ClCompile Include="..\krnln\krnln_InsBin.cpp">
      <Filter>源文件</Filter>
    </ClCompile>
    <ClCompile Include="..\krnln\krnln_InsLine.cpp">
      <Filter>源文件</Filter>
    </ClCompile>
    <ClCompile Include="..\krnln\krnln_InsText.cpp">
      <Filter>源文件</Filter>
    </ClCompile>
    <ClCompile Include="..\krnln\krnln_InStr.cpp">
      <Filter>源文件</Filter>
    </ClCompile>
    <ClCompile Include="..\krnln\krnln_InStrRev.cpp">
      <Filter>源文件</Filter>
    </ClCompile>
    <ClCompile Include="..\krnln\krnln_int.cpp">
      <Filter>源文件</Filter>
    </ClCompile>
    <ClCompile Include="..\krnln\krnln_IPToHostName.cpp">
      <Filter>源文件</Filter>
    </ClCompile>
    <ClCompile Include="..\krnln\krnln_IsCalcOK.cpp">
      <Filter>源文件</Filter>
    </ClCompile>
    <ClCompile Include="..\krnln\krnln_IsDebugVer.cpp">
      <Filter>源文件</Filter>
    </ClCompile>
    <ClCompile Include="..\krnln\krnln_IsFileExist.cpp">
      <Filter>源文件</Filter>
    </ClCompile>
    <ClCompile Include="..\krnln\krnln_IsHaveTextInClip.cpp">
      <Filter>源文件</Filter>
    </ClCompile>
    <ClCompile Include="..\krnln\krnln_IsRegItemExist.cpp">
      <Filter>源文件</Filter>
    </ClCompile>
    <ClCompile Include="..\krnln\krnln_kill.cpp">
      <Filter>源文件</Filter>
    </ClCompile>
    <ClCompile Include="..\krnln\krnln_LCase.cpp">
      <Filter>源文件</Filter>
    </ClCompile>
    <ClCompile Include="..\krnln\krnln_left.cpp">
      <Filter>源文件</Filter>
    </ClCompile>
    <ClCompile Include="..\krnln\krnln_len.cpp">
      <Filter>源文件</Filter>
    </ClCompile>
    <ClCompile Include="..\krnln\krnln_like.cpp">
      <Filter>源文件</Filter>
    </ClCompile>
    <ClCompile Include="..\krnln\krnln_loc.cpp">
      <Filter>源文件</Filter>
    </ClCompile>
    <ClCompile Include="..\krnln\krnln_lock.cpp">
      <Filter>源文件</Filter>
    </ClCompile>
    <ClCompile Include="..\krnln\krnln_lof.cpp">
      <Filter>源文件</Filter>
    </ClCompile>
    <ClCompile Include="..\krnln\krnln_log.cpp">
      <Filter>源文件</Filter>
    </ClCompile>
    <ClCompile Include="..\krnln\krnln_LTrim.cpp">
      <Filter>源文件</Filter>
    </ClCompile>
    <ClCompile Include="..\krnln\krnln_MakeLong.cpp">
      <Filter>源文件</Filter>
    </ClCompile>
    <ClCompile Include="..\krnln\krnln_MakeWord.cpp">
      <Filter>源文件</Filter>
    </ClCompile>
    <ClCompile Include="..\krnln\krnln_mid.cpp">
      <Filter>源文件</Filter>
    </ClCompile>
    <ClCompile Include="..\krnln\krnln_minute.cpp">
      <Filter>源文件</Filter>
    </ClCompile>
    <ClCompile Include="..\krnln\krnln_MkDir.cpp">
      <Filter>源文件</Filter>
    </ClCompile>
    <ClCompile Include="..\krnln\krnln_mod.cpp">
      <Filter>源文件</Filter>
    </ClCompile>
    <ClCompile Include="..\krnln\krnln_month.cpp">
      <Filter>源文件</Filter>
    </ClCompile>
    <ClCompile Include="..\krnln\krnln_MsgBox.cpp">
      <Filter>源文件</Filter>
    </ClCompile>
    <ClCompile Include="..\krnln\krnln_name.cpp">
      <Filter>源文件</Filter>
    </ClCompile>
    <ClCompile Include="..\krnln\krnln_now.cpp">
      <Filter>源文件</Filter>
    </ClCompile>
    <ClCompile Include="..\krnln\krnln_NumToRMB.cpp">
      <Filter>源文件</Filter>
    </ClCompile>
    <ClCompile Include="..\krnln\krnln_NumToText.cpp">
      <Filter>源文件</Filter>
    </ClCompile>
    <ClCompile Include="..\krnln\krnln_oct.cpp">
      <Filter>源文件</Filter>
    </ClCompile>
    <ClCompile Include="..\krnln\krnln_open.cpp">
      <Filter>源文件</Filter>
    </ClCompile>
    <ClCompile Include="..\krnln\krnln_OpenManyFileDialog.cpp">
      <Filter>源文件</Filter>
    </ClCompile>
    <ClCompile Include="..\krnln\krnln_OpenMemFile.cpp">
      <Filter>源文件</Filter>
    </ClCompile>
    <ClCompile Include="..\krnln\krnln_p2double.cpp">
      <Filter>源文件</Filter>
    </ClCompile>
    <ClCompile Include="..\krnln\krnln_p2float.cpp">
      <Filter>源文件</Filter>
    </ClCompile>
    <ClCompile Include="..\krnln\krnln_p2int.cpp">
      <Filter>源文件</Filter>
    </ClCompile>
    <ClCompile Include="..\krnln\krnln_pbin.cpp">
      <Filter>源文件</Filter>
    </ClCompile>
    <ClCompile Include="..\krnln\krnln_ping.cpp">
      <Filter>源文件</Filter>
    </ClCompile>
    <ClCompile Include="..\krnln\krnln_PlayMID.cpp">
      <Filter>源文件</Filter>
    </ClCompile>
    <ClCompile Include="..\krnln\krnln_PlayMusic.cpp">
      <Filter>源文件</Filter>
    </ClCompile>
    <ClCompile Include="..\krnln\krnln_PlayStop.cpp">
      <Filter>源文件</Filter>
    </ClCompile>
    <ClCompile Include="..\krnln\krnln_pow.cpp">
      <Filter>源文件</Filter>
    </ClCompile>
    <ClCompile Include="..\krnln\krnln_pstr.cpp">
      <Filter>源文件</Filter>
    </ClCompile>
    <ClCompile Include="..\krnln\krnln_PutEnv.cpp">
      <Filter>源文件</Filter>
    </ClCompile>
    <ClCompile Include="..\krnln\krnln_QJCase.cpp">
      <Filter>源文件</Filter>
    </ClCompile>
    <ClCompile Include="..\krnln\krnln_randomize.cpp">
      <Filter>源文件</Filter>
    </ClCompile>
    <ClCompile Include="..\krnln\krnln_read.cpp">
      <Filter>源文件</Filter>
    </ClCompile>
    <ClCompile Include="..\krnln\krnln_ReadBin.cpp">
      <Filter>源文件</Filter>
    </ClCompile>
    <ClCompile Include="..\krnln\krnln_ReadFile.cpp">
      <Filter>源文件</Filter>
    </ClCompile>
    <ClCompile Include="..\krnln\krnln_ReadLine.cpp">
      <Filter>源文件</Filter>
    </ClCompile>
    <ClCompile Include="..\krnln\krnln_ReadText.cpp">
      <Filter>源文件</Filter>
    </ClCompile>
    <ClCompile Include="..\krnln\krnln_RemoveData.cpp">
      <Filter>源文件</Filter>
    </ClCompile>
    <ClCompile Include="..\krnln\krnln_ReplaceText.cpp">
      <Filter>源文件</Filter>
    </ClCompile>
    <ClCompile Include="..\krnln\krnln_reset.cpp">
      <Filter>源文件</Filter>
    </ClCompile>
    <ClCompile Include="..\krnln\krnln_RestroeCursor.cpp">
      <Filter>源文件</Filter>
    </ClCompile>
    <ClCompile Include="..\krnln\krnln_ReverseIntBytes.cpp">
      <Filter>源文件</Filter>
    </ClCompile>
    <ClCompile Include="..\krnln\krnln_rgb.cpp">
      <Filter>源文件</Filter>
    </ClCompile>
    <ClCompile Include="..\krnln\krnln_right.cpp">
      <Filter>源文件</Filter>
    </ClCompile>
    <ClCompile Include="..\krnln\krnln_RmDir.cpp">
      <Filter>源文件</Filter>
    </ClCompile>
    <ClCompile Include="..\krnln\krnln_rnd.cpp">
      <Filter>源文件</Filter>
    </ClCompile>
    <ClCompile Include="..\krnln\krnln_round.cpp">
      <Filter>源文件</Filter>
    </ClCompile>
    <ClCompile Include="..\krnln\krnln_RpBin.cpp">
      <Filter>源文件</Filter>
    </ClCompile>
    <ClCompile Include="..\krnln\krnln_RpSubBin.cpp">
      <Filter>源文件</Filter>
    </ClCompile>
    <ClCompile Include="..\krnln\krnln_RpSubText.cpp">
      <Filter>源文件</Filter>
    </ClCompile>
    <ClCompile Include="..\krnln\krnln_RTrim.cpp">
      <Filter>源文件</Filter>
    </ClCompile>
    <ClCompile Include="..\krnln\krnln_run.cpp">
      <Filter>源文件</Filter>
    </ClCompile>
    <ClCompile Include="..\krnln\krnln_RunConsoleApp.cpp">
      <Filter>源文件</Filter>
    </ClCompile>
    <ClCompile Include="..\krnln\krnln_SaveRegItem.cpp">
      <Filter>源文件</Filter>
    </ClCompile>
    <ClCompile Include="..\krnln\krnln_second.cpp">
      <Filter>源文件</Filter>
    </ClCompile>
    <ClCompile Include="..\krnln\krnln_SeekToBegin.cpp">
      <Filter>源文件</Filter>
    </ClCompile>
    <ClCompile Include="..\krnln\krnln_SeekToEnd.cpp">
      <Filter>源文件</Filter>
    </ClCompile>
    <ClCompile Include="..\krnln\krnln_SetAttr.cpp">
      <Filter>源文件</Filter>
    </ClCompile>
    <ClCompile Include="..\krnln\krnln_SetClipBoardText.cpp">
      <Filter>源文件</Filter>
    </ClCompile>
    <ClCompile Include="..\krnln\krnln_SetDiskLabel.cpp">
      <Filter>源文件</Filter>
    </ClCompile>
    <ClCompile Include="..\krnln\krnln_SetIntInsideBin.cpp">
      <Filter>源文件</Filter>
    </ClCompile>
    <ClCompile Include="..\krnln\krnln_SetKeyText.cpp">
      <Filter>源文件</Filter>
    </ClCompile>
    <ClCompile Include="..\krnln\krnln_SetSysTime.cpp">
      <Filter>源文件</Filter>
    </ClCompile>
    <ClCompile Include="..\krnln\krnln_SetWaitCursor.cpp">
      <Filter>源文件</Filter>
    </ClCompile>
    <ClCompile Include="..\krnln\krnln_sgn.cpp">
      <Filter>源文件</Filter>
    </ClCompile>
    <ClCompile Include="..\krnln\krnln_shl.cpp">
      <Filter>源文件</Filter>
    </ClCompile>
    <ClCompile Include="..\krnln\krnln_shr.cpp">
      <Filter>源文件</Filter>
    </ClCompile>
    <ClCompile Include="..\krnln\krnln_sin.cpp">
      <Filter>源文件</Filter>
    </ClCompile>
    <ClCompile Include="..\krnln\krnln_sleep.cpp">
      <Filter>源文件</Filter>
    </ClCompile>
    <ClCompile Include="..\krnln\krnln_SortAry.cpp">
      <Filter>源文件</Filter>
    </ClCompile>
    <ClCompile Include="..\krnln\krnln_space.cpp">
      <Filter>源文件</Filter>
    </ClCompile>
    <ClCompile Include="..\krnln\krnln_SpaceBin.cpp">
      <Filter>源文件</Filter>
    </ClCompile>
    <ClCompile Include="..\krnln\krnln_split.cpp">
      <Filter>源文件</Filter>
    </ClCompile>
    <ClCompile Include="..\krnln\krnln_SplitBin.cpp">
      <Filter>源文件</Filter>
    </ClCompile>
    <ClCompile Include="..\krnln\krnln_sqr.cpp">
      <Filter>源文件</Filter>
    </ClCompile>
    <ClCompile Include="..\krnln\krnln_str.cpp">
      <Filter>源文件</Filter>
    </ClCompile>
    <ClCompile Include="..\krnln\krnln_StrComp.cpp">
      <Filter>源文件</Filter>
    </ClCompile>
    <ClCompile Include="..\krnln\krnln_string.cpp">
      <Filter>源文件</Filter>
    </ClCompile>
    <ClCompile Include="..\krnln\krnln_StrToUTF8.cpp">
      <Filter>源文件</Filter>
    </ClCompile>
    <ClCompile Include="..\krnln\krnln_tan.cpp">
      <Filter>源文件</Filter>
    </ClCompile>
    <ClCompile Include="..\krnln\krnln_TimeChg.cpp">
      <Filter>源文件</Filter>
    </ClCompile>
    <ClCompile Include="..\krnln\krnln_TimeDiff.cpp">
      <Filter>源文件</Filter>
    </ClCompile>
    <ClCompile Include="..\krnln\krnln_TimePart.cpp">
      <Filter>源文件</Filter>
    </ClCompile>
    <ClCompile Include="..\krnln\krnln_TimeToText.cpp">
      <Filter>源文件</Filter>
    </ClCompile>
    <ClCompile Include="..\krnln\krnln_ToBin.cpp">
      <Filter>源文件</Filter>
    </ClCompile>
    <ClCompile Include="..\krnln\krnln_ToByte.cpp">
      <Filter>源文件</Filter>
    </ClCompile>
    <ClCompile Include="..\krnln\krnln_ToFloat.cpp">
      <Filter>源文件</Filter>
    </ClCompile>
    <ClCompile Include="..\krnln\krnln_ToInt.cpp">
      <Filter>源文件</Filter>
    </ClCompile>
    <ClCompile Include="..\krnln\krnln_ToLong.cpp">
      <Filter>源文件</Filter>
    </ClCompile>
    <ClCompile Include="..\krnln\krnln_ToShort.cpp">
      <Filter>源文件</Filter>
    </ClCompile>
    <ClCompile Include="..\krnln\krnln_ToTime.cpp">
      <Filter>源文件</Filter>
    </ClCompile>
    <ClCompile Include="..\krnln\krnln_trim.cpp">
      <Filter>源文件</Filter>
    </ClCompile>
    <ClCompile Include="..\krnln\krnln_TrimAll.cpp">
      <Filter>源文件</Filter>
    </ClCompile>
    <ClCompile Include="..\krnln\krnln_UCase.cpp">
      <Filter>源文件</Filter>
    </ClCompile>
    <ClCompile Include="..\krnln\krnln_Unlock.cpp">
      <Filter>源文件</Filter>
    </ClCompile>
    <ClCompile Include="..\krnln\krnln_UNum.cpp">
      <Filter>源文件</Filter>
    </ClCompile>
    <ClCompile Include="..\krnln\krnln_UTF8ToStr.cpp">
      <Filter>源文件</Filter>
    </ClCompile>
    <ClCompile Include="..\krnln\krnln_val.cpp">
      <Filter>源文件</Filter>
    </ClCompile>
    <ClCompile Include="..\krnln\krnln_Variant.cpp">
      <Filter>源文件</Filter>
    </ClCompile>
    <ClCompile Include="..\krnln\krnln_WeekDay.cpp">
      <Filter>源文件</Filter>
    </ClCompile>
    <ClCompile Include="..\krnln\krnln_write.cpp">
      <Filter>源文件</Filter>
    </ClCompile>
    <ClCompile Include="..\krnln\krnln_WriteBin.cpp">
      <Filter>源文件</Filter>
    </ClCompile>
    <ClCompile Include="..\krnln\krnln_WriteFile.cpp">
      <Filter>源文件</Filter>
    </ClCompile>
    <ClCompile Include="..\krnln\krnln_WriteLine.cpp">
      <Filter>源文件</Filter>
    </ClCompile>
    <ClCompile Include="..\krnln\krnln_WriteMem.cpp">
      <Filter>源文件</Filter>
    </ClCompile>
    <ClCompile Include="..\krnln\krnln_WriteText.cpp">
      <Filter>源文件</Filter>
    </ClCompile>
    <ClCompile Include="..\krnln\krnln_year.cpp">
      <Filter>源文件</Filter>
    </ClCompile>
    <ClCompile Include="..\krnln\krnln_ZeroAry.cpp">
      <Filter>源文件</Filter>
    </ClCompile>
    <ClCompile Include="..\krnln\LTrimZeroChr.cpp">
      <Filter>源文件</Filter>
    </ClCompile>
    <ClCompile Include="..\krnln\md5t.cpp">
      <Filter>源文件</Filter>
    </ClCompile>
    <ClCompile Include="..\krnln\mem.cpp">
      <Filter>源文件</Filter>
    </ClCompile>
    <ClCompile Include="..\krnln\midi.cpp">
      <Filter>源文件</Filter>
    </ClCompile>
    <ClCompile Include="..\krnln\Myfunctions.cpp">
      <Filter>源文件</Filter>
    </ClCompile>
    <ClCompile Include="..\krnln\MyMemFile.cpp">
      <Filter>源文件</Filter>
    </ClCompile>
    <ClCompile Include="..\krnln\NumToChinese.cpp">
      <Filter>源文件</Filter>
    </ClCompile>
    <ClCompile Include="..\krnln\replaceText.cpp">
      <Filter>源文件</Filter>
    </ClCompile>
    <ClCompile Include="..\krnln\SDataToStr.cpp">
      <Filter>源文件</Filter>
    </ClCompile>
    <ClCompile Include="..\krnln\StdAfx.cpp">
      <Filter>源文件</Filter>
    </ClCompile>
    <ClCompile Include="..\krnln\krnln_create.cpp">
      <Filter>源文件</Filter>
    </ClCompile>
  </ItemGroup>
  <ItemGroup>
    <Object Include="..\krnln\Diskid32.obj" />
    <Object Include="..\krnln\PY.OBJ" />
  </ItemGroup>
  <ItemGroup>
    <ClInclude Include="..\krnln\lib2.h">
      <Filter>头文件</Filter>
    </ClInclude>
    <ClInclude Include="..\krnln\LTrimZeroChr.h">
      <Filter>头文件</Filter>
    </ClInclude>
    <ClInclude Include="..\krnln\md5t.h">
      <Filter>头文件</Filter>
    </ClInclude>
    <ClInclude Include="..\krnln\mem.h">
      <Filter>头文件</Filter>
    </ClInclude>
    <ClInclude Include="..\krnln\midi.h">
      <Filter>头文件</Filter>
    </ClInclude>
    <ClInclude Include="..\krnln\Myfunctions.h">
      <Filter>头文件</Filter>
    </ClInclude>
    <ClInclude Include="..\krnln\MyMemFile.h">
      <Filter>头文件</Filter>
    </ClInclude>
    <ClInclude Include="..\krnln\StdAfx.h">
      <Filter>头文件</Filter>
    </ClInclude>
  </ItemGroup>
  <ItemGroup>
    <Text Include="..\Readme.txt" />
  </ItemGroup>
</Project>